
Microsoft Visual Studio Solution File, Format Version 12.00
# Visual Studio 2013
VisualStudioVersion = 12.0.30723.0
MinimumVisualStudioVersion = 10.0.40219.1
Project("{8BC9CEB8-8B4A-11D0-8D11-00A0C91BC942}") = "GraphLibrary", "GraphLibrary.vcxproj", "{C52B8F60-9D85-4A46-9A2E-786880759177}"
EndProject
Project("{8BC9CEB8-8B4A-11D0-8D11-00A0C91BC942}") = "GraphLibraryTest", "..\GraphLibraryTest\GraphLibraryTest.vcxproj", "{AE673A60-8E8D-4C18-ADD1-6FE4BF02133A}"
	ProjectSection(ProjectDependencies) = postProject
		{C52B8F60-9D85-4A46-9A2E-786880759177} = {C52B8F60-9D85-4A46-9A2E-786880759177}
	EndProjectSection
EndProject
Project("{8BC9CEB8-8B4A-11D0-8D11-00A0C91BC942}") = "GraphExample", "..\GraphExample\GraphExample.vcxproj", "{3A8E86C3-F8DB-452C-904D-F02CFB9806EC}"
	ProjectSection(ProjectDependencies) = postProject
		{C52B8F60-9D85-4A46-9A2E-786880759177} = {C52B8F60-9D85-4A46-9A2E-786880759177}
	EndProjectSection
EndProject
Project("{8BC9CEB8-8B4A-11D0-8D11-00A0C91BC942}") = "TryStuff", "TryStuff\TryStuff.vcxproj", "{D90C869C-8130-4BFD-8BFB-993608F3E9EA}"
EndProject
Project("{8BC9CEB8-8B4A-11D0-8D11-00A0C91BC942}") = "GraphMemoryTest", "..\GraphMemoryTest\GraphMemoryTest.vcxproj", "{16E86412-3846-47C6-9ED1-7746D919304F}"
EndProject
Global
	GlobalSection(SolutionConfigurationPlatforms) = preSolution
		Debug|Win32 = Debug|Win32
		Release|Win32 = Release|Win32
	EndGlobalSection
	GlobalSection(ProjectConfigurationPlatforms) = postSolution
		{C52B8F60-9D85-4A46-9A2E-786880759177}.Debug|Win32.ActiveCfg = Debug|Win32
		{C52B8F60-9D85-4A46-9A2E-786880759177}.Debug|Win32.Build.0 = Debug|Win32
		{C52B8F60-9D85-4A46-9A2E-786880759177}.Release|Win32.ActiveCfg = Release|Win32
		{C52B8F60-9D85-4A46-9A2E-786880759177}.Release|Win32.Build.0 = Release|Win32
		{AE673A60-8E8D-4C18-ADD1-6FE4BF02133A}.Debug|Win32.ActiveCfg = Debug|Win32
		{AE673A60-8E8D-4C18-ADD1-6FE4BF02133A}.Debug|Win32.Build.0 = Debug|Win32
		{AE673A60-8E8D-4C18-ADD1-6FE4BF02133A}.Debug|Win32.Deploy.0 = Debug|Win32
		{AE673A60-8E8D-4C18-ADD1-6FE4BF02133A}.Release|Win32.ActiveCfg = Release|Win32
		{AE673A60-8E8D-4C18-ADD1-6FE4BF02133A}.Release|Win32.Build.0 = Release|Win32
		{AE673A60-8E8D-4C18-ADD1-6FE4BF02133A}.Release|Win32.Deploy.0 = Release|Win32
		{3A8E86C3-F8DB-452C-904D-F02CFB9806EC}.Debug|Win32.ActiveCfg = Debug|Win32
		{3A8E86C3-F8DB-452C-904D-F02CFB9806EC}.Debug|Win32.Build.0 = Debug|Win32
		{3A8E86C3-F8DB-452C-904D-F02CFB9806EC}.Debug|Win32.Deploy.0 = Debug|Win32
		{3A8E86C3-F8DB-452C-904D-F02CFB9806EC}.Release|Win32.ActiveCfg = Release|Win32
		{3A8E86C3-F8DB-452C-904D-F02CFB9806EC}.Release|Win32.Build.0 = Release|Win32
		{3A8E86C3-F8DB-452C-904D-F02CFB9806EC}.Release|Win32.Deploy.0 = Release|Win32
		{D90C869C-8130-4BFD-8BFB-993608F3E9EA}.Debug|Win32.ActiveCfg = Debug|Win32
		{D90C869C-8130-4BFD-8BFB-993608F3E9EA}.Debug|Win32.Build.0 = Debug|Win32
		{D90C869C-8130-4BFD-8BFB-993608F3E9EA}.Release|Win32.ActiveCfg = Release|Win32
		{D90C869C-8130-4BFD-8BFB-993608F3E9EA}.Release|Win32.Build.0 = Release|Win32
		{16E86412-3846-47C6-9ED1-7746D919304F}.Debug|Win32.ActiveCfg = Debug|Win32
		{16E86412-3846-47C6-9ED1-7746D919304F}.Debug|Win32.Build.0 = Debug|Win32
		{16E86412-3846-47C6-9ED1-7746D919304F}.Release|Win32.ActiveCfg = Release|Win32
		{16E86412-3846-47C6-9ED1-7746D919304F}.Release|Win32.Build.0 = Release|Win32
	EndGlobalSection
	GlobalSection(SolutionProperties) = preSolution
		HideSolutionNode = FALSE
	EndGlobalSection
	GlobalSection(Performance) = preSolution
		HasPerformanceSessions = true
	EndGlobalSection
EndGlobal
